<?xml version="1.0" encoding="utf-8"?>
<Project ToolsVersion="4.0" xmlns="http://schemas.microsoft.com/developer/msbuild/2003">
  <ItemGroup>
    <Filter Include="src">
      <UniqueIdentifier>{820e4109-34e2-4061-81f9-055ddf9f7b1b}</UniqueIdentifier>
    </Filter>
    <Filter Include="src\mig">
      <UniqueIdentifier>{d239b665-53f3-4dc8-95c1-a318dffc910a}</UniqueIdentifier>
    </Filter>
    <Filter Include="src\stb_image_write">
      <UniqueIdentifier>{c8d38358-2cff-40e4-8a9e-1cbf15c27db9}</UniqueIdentifier>
    </Filter>
    <Filter Include="src\mig\shape">
      <UniqueIdentifier>{aff6a361-b0e0-4ae6-85a1-6abacf0bf655}</UniqueIdentifier>
    </Filter>
  </ItemGroup>
  <ItemGroup>
    <ClCompile Include="..\src\mig\mig.cpp">
      <Filter>src\mig</Filter>
    </ClCompile>
    <ClCompile Include="..\src\mig\shape\mig_rectangle.cpp">
      <Filter>src\mig\shape</Filter>
    </ClCompile>
    <ClCompile Include="..\src\mig\shape\mig_line.cpp">
      <Filter>src\mig\shape</Filter>
    </ClCompile>
    <ClCompile Include="..\src\mig\shape\mig_circle.cpp">
      <Filter>src\mig\shape</Filter>
    </ClCompile>
    <ClCompile Include="..\src\mig\shape\mig_util.cpp">
      <Filter>src\mig\shape</Filter>
    </ClCompile>
  </ItemGroup>
  <ItemGroup>
    <ClInclude Include="..\src\mig\mig.h">
      <Filter>src\mig</Filter>
    </ClInclude>
    <ClInclude Include="..\src\stb_image\stb_image_write.h">
      <Filter>src\stb_image_write</Filter>
    </ClInclude>
    <ClInclude Include="..\src\mig\mig_xy.h">
      <Filter>src\mig</Filter>
    </ClInclude>
    <ClInclude Include="..\src\mig\mig_rgb.h">
      <Filter>src\mig</Filter>
    </ClInclude>
    <ClInclude Include="..\src\mig\shape\mig_rectangle.h">
      <Filter>src\mig\shape</Filter>
    </ClInclude>
    <ClInclude Include="..\src\mig\shape\mig_line.h">
      <Filter>src\mig\shape</Filter>
    </ClInclude>
    <ClInclude Include="..\src\mig\shape\mig_circle.h">
      <Filter>src\mig\shape</Filter>
    </ClInclude>
    <ClInclude Include="..\src\mig\shape\mig_util.h">
      <Filter>src\mig\shape</Filter>
    </ClInclude>
    <ClInclude Include="..\src\mig\shape\mig_shape.h">
      <Filter>src\mig\shape</Filter>
    </ClInclude>
  </ItemGroup>
</Project>